
Microsoft Visual Studio Solution File, Format Version 12.00
# Visual Studio Version 16
VisualStudioVersion = 16.0.30320.27
MinimumVisualStudioVersion = 10.0.40219.1
Project("{9A19103F-16F7-4668-BE54-9A1E7A4F7556}") = "SignatureProcessor", "SignatureProcessor\SignatureProcessor.csproj", "{0189B918-2D55-40AF-BED9-2F4DDB73E1F6}"
EndProject
Project("{FAE04EC0-301F-11D3-BF4B-00C04F79EFBC}") = "SignatureImage", "SignatureImage\SignatureImage.csproj", "{BCEFC672-A8C2-4320-A56A-680E4E6BB38E}"
EndProject
Global
	GlobalSection(SolutionConfigurationPlatforms) = preSolution
		Debug|Any CPU = Debug|Any CPU
		Release|Any CPU = Release|Any CPU
	EndGlobalSection
	GlobalSection(ProjectConfigurationPlatforms) = postSolution
		{0189B918-2D55-40AF-BED9-2F4DDB73E1F6}.Debug|Any CPU.ActiveCfg = Debug|Any CPU
		{0189B918-2D55-40AF-BED9-2F4DDB73E1F6}.Debug|Any CPU.Build.0 = Debug|Any CPU
		{0189B918-2D55-40AF-BED9-2F4DDB73E1F6}.Release|Any CPU.ActiveCfg = Release|Any CPU
		{0189B918-2D55-40AF-BED9-2F4DDB73E1F6}.Release|Any CPU.Build.0 = Release|Any CPU
		{BCEFC672-A8C2-4320-A56A-680E4E6BB38E}.Debug|Any CPU.ActiveCfg = Debug|Any CPU
		{BCEFC672-A8C2-4320-A56A-680E4E6BB38E}.Debug|Any CPU.Build.0 = Debug|Any CPU
		{BCEFC672-A8C2-4320-A56A-680E4E6BB38E}.Release|Any CPU.ActiveCfg = Release|Any CPU
		{BCEFC672-A8C2-4320-A56A-680E4E6BB38E}.Release|Any CPU.Build.0 = Release|Any CPU
	EndGlobalSection
	GlobalSection(SolutionProperties) = preSolution
		HideSolutionNode = FALSE
	EndGlobalSection
	GlobalSection(ExtensibilityGlobals) = postSolution
		SolutionGuid = {13D12A1F-35F9-4E6C-BFD1-817849950790}
	EndGlobalSection
EndGlobal
