
Microsoft Visual Studio Solution File, Format Version 12.00
# Visual Studio Version 16
VisualStudioVersion = 16.0.30320.27
MinimumVisualStudioVersion = 10.0.40219.1
Project("{9A19103F-16F7-4668-BE54-9A1E7A4F7556}") = "SignatureImage", "Launcher\SignatureImage\SignatureImage.csproj", "{BCEFC672-A8C2-4320-A56A-680E4E6BB38E}"
EndProject
Project("{9A19103F-16F7-4668-BE54-9A1E7A4F7556}") = "SignatureImageApp", "Launcher\SignatureImageApp\SignatureImageApp.csproj", "{AFF021BA-F670-4A0E-A162-2D08B0BDC3F3}"
EndProject
Project("{2150E333-8FDC-42A3-9474-1A3956D46DE8}") = "Source", "Source", "{358354B4-5141-43F3-A653-00A331DF26AE}"
EndProject
Project("{2150E333-8FDC-42A3-9474-1A3956D46DE8}") = "Tests", "Tests", "{86EB217E-CB42-405E-8DB0-4BC991B3E5CD}"
EndProject
Project("{2150E333-8FDC-42A3-9474-1A3956D46DE8}") = "SignatureProcessorTests", "SignatureProcessorTests", "{1223DA57-5DA1-423E-B9A2-A829E2960688}"
EndProject
Project("{9A19103F-16F7-4668-BE54-9A1E7A4F7556}") = "SignatureProcessorTests", "Tests\SignatureProcessorTests\SignatureProcessorTests.csproj", "{D7F997DE-C3BD-4474-B031-40A944F583CA}"
EndProject
Project("{2150E333-8FDC-42A3-9474-1A3956D46DE8}") = "devices", "devices", "{77CEDA75-36CE-4DD5-83E7-17491BCE1A3E}"
EndProject
Project("{2150E333-8FDC-42A3-9474-1A3956D46DE8}") = "Verifone", "Verifone", "{0D206FCB-146D-40E6-AD7A-D767B85B7AC3}"
EndProject
Project("{2150E333-8FDC-42A3-9474-1A3956D46DE8}") = "devices", "devices", "{5E026000-C958-4527-BD39-CE7DBA51C103}"
EndProject
Project("{2150E333-8FDC-42A3-9474-1A3956D46DE8}") = "Verifone", "Verifone", "{80A074E3-732C-4605-9691-A868E539913C}"
EndProject
Project("{2150E333-8FDC-42A3-9474-1A3956D46DE8}") = "Common", "Common", "{955AF4EB-29A2-4763-BD24-CC044C62BBDB}"
EndProject
Project("{2150E333-8FDC-42A3-9474-1A3956D46DE8}") = "Sdk", "Sdk", "{27E95F87-4F11-4F5B-A0F8-0804921CA449}"
EndProject
Project("{2150E333-8FDC-42A3-9474-1A3956D46DE8}") = "Simulator", "Simulator", "{A5440B30-FA52-433A-AFAC-0B716DEAC45B}"
EndProject
Project("{9A19103F-16F7-4668-BE54-9A1E7A4F7556}") = "Devices.Common", "Devices\Devices.Common\Devices.Common.csproj", "{9D19D258-6436-491E-B819-B2F3E41C7241}"
EndProject
Project("{9A19103F-16F7-4668-BE54-9A1E7A4F7556}") = "Devices.SDK", "Devices\Devices.Sdk\Devices.SDK.csproj", "{4B63C625-B32F-4AE8-A58B-62CF6EF5330B}"
EndProject
Project("{2150E333-8FDC-42A3-9474-1A3956D46DE8}") = "common", "common", "{380A3F88-E676-4D29-AF2E-BE2CB4B19BD5}"
EndProject
Project("{2150E333-8FDC-42A3-9474-1A3956D46DE8}") = "core", "core", "{AE6547A4-8601-4A94-BE16-118FB2588973}"
EndProject
Project("{2150E333-8FDC-42A3-9474-1A3956D46DE8}") = "xo", "xo", "{F277770E-13A8-4793-BDFD-FF2924061438}"
EndProject
Project("{2150E333-8FDC-42A3-9474-1A3956D46DE8}") = "Core.Patterns", "Core.Patterns", "{226968C5-8F03-4E6E-9EF4-FFF3A233760E}"
EndProject
Project("{9A19103F-16F7-4668-BE54-9A1E7A4F7556}") = "Core.Patterns", "Common\core\Core.Patterns\Core.Patterns.csproj", "{CC364278-7896-43A2-A435-7301E814A704}"
EndProject
Project("{9A19103F-16F7-4668-BE54-9A1E7A4F7556}") = "XO", "Common\xo\XO.csproj", "{0FAA8C93-41D0-40F5-B70F-779B260B5A0C}"
EndProject
Project("{9A19103F-16F7-4668-BE54-9A1E7A4F7556}") = "SimulatorDevice", "Devices\Devices.Simulator\SimulatorDevice.csproj", "{2BDB90C7-3D45-4845-A6AF-2D70D21E50FE}"
EndProject
Project("{9A19103F-16F7-4668-BE54-9A1E7A4F7556}") = "Devices.Verifone", "Devices\Devices.Verifone\Devices.Verifone.csproj", "{41A2E291-0EF1-47F8-9BE1-C625986CCEF8}"
EndProject
Project("{2150E333-8FDC-42A3-9474-1A3956D46DE8}") = "config", "config", "{929CDDFC-DD2A-4C7E-911B-8C4AE8399833}"
EndProject
Project("{9A19103F-16F7-4668-BE54-9A1E7A4F7556}") = "Config", "Common\config\Config.csproj", "{0D8F3B42-ADE2-4D1E-8172-C0F14D101991}"
EndProject
Project("{2150E333-8FDC-42A3-9474-1A3956D46DE8}") = "launcher", "launcher", "{4A1A389F-38FF-4C6E-AEAB-C9587B96B102}"
EndProject
Project("{2150E333-8FDC-42A3-9474-1A3956D46DE8}") = "launcher", "launcher", "{D59428E2-ABA2-44EE-8F87-C3C1BEE4D1EF}"
EndProject
Project("{9A19103F-16F7-4668-BE54-9A1E7A4F7556}") = "Devices.Verifone.Tests", "..\Tests\devices\verifone\Devices.Verifone.Tests.csproj", "{2B923997-5482-4997-8516-22FDB9E8AE19}"
EndProject
Project("{2150E333-8FDC-42A3-9474-1A3956D46DE8}") = "SignatureProcessorAppTests", "SignatureProcessorAppTests", "{E48DEA84-78AB-4B81-A471-D72AE7E22F07}"
EndProject
Project("{9A19103F-16F7-4668-BE54-9A1E7A4F7556}") = "SignatureProcessorAppTests", "..\Tests\launcher\SignatureProcessorAppTests\SignatureProcessorAppTests.csproj", "{6FEA50E0-9A21-4CF4-ABF6-A99CCD79815F}"
EndProject
Project("{9A19103F-16F7-4668-BE54-9A1E7A4F7556}") = "SignatureProcessor", "Launcher\SignatureProcessor\SignatureProcessor.csproj", "{A0DF5139-94BA-4CFD-A837-D494B1F2A995}"
EndProject
Project("{9A19103F-16F7-4668-BE54-9A1E7A4F7556}") = "SignatureProcessorApp", "Launcher\SignatureProcessorApp\SignatureProcessorApp.csproj", "{6E00DCA9-78CD-4D44-BFBF-42420C220FF1}"
EndProject
Project("{2150E333-8FDC-42A3-9474-1A3956D46DE8}") = "common", "common", "{0EAA711A-E028-4618-8407-777F9DA00544}"
EndProject
Project("{2150E333-8FDC-42A3-9474-1A3956D46DE8}") = "TestHelper", "TestHelper", "{54169BFE-B72A-4DAC-8DF6-8D8E5AE2ED48}"
EndProject
Project("{9A19103F-16F7-4668-BE54-9A1E7A4F7556}") = "TestHelper", "..\Tests\common\TestHelper\TestHelper.csproj", "{E169F442-83ED-4971-9F23-E9BADCB19F11}"
EndProject
Project("{9A19103F-16F7-4668-BE54-9A1E7A4F7556}") = "Devices.SignatureProcessor", "Devices\Devices.SignatureProcessor\Devices.SignatureProcessor.csproj", "{B266FFB1-8974-4D4B-A3FD-83D5BB0BB5A3}"
EndProject
Project("{2150E333-8FDC-42A3-9474-1A3956D46DE8}") = "LoggManager", "LoggManager", "{FD659573-333B-4F1F-8235-B7773CBBA9F1}"
EndProject
Project("{9A19103F-16F7-4668-BE54-9A1E7A4F7556}") = "LoggerManager", "Common\LoggerManager\LoggerManager.csproj", "{21C53A55-45F3-4C4E-B03F-CF05D035740E}"
EndProject
Project("{2150E333-8FDC-42A3-9474-1A3956D46DE8}") = "Helpers", "Helpers", "{76BA5FDB-A378-4E6F-BAB5-A47B5B02D1C4}"
EndProject
Project("{9A19103F-16F7-4668-BE54-9A1E7A4F7556}") = "Helpers", "Common\Helpers\Helpers.csproj", "{46D9FA9D-3C41-4289-A8D5-EE0D9FE5470A}"
EndProject
Project("{2150E333-8FDC-42A3-9474-1A3956D46DE8}") = "common", "common", "{98078D9F-C518-4D5F-B82A-9284C1B922C4}"
EndProject
Project("{9A19103F-16F7-4668-BE54-9A1E7A4F7556}") = "Devices.Common.SignatureProcessor.Tests", "..\Tests\devices\Devices.Common.SignatureProcessor.Tests\Devices.Common.SignatureProcessor.Tests.csproj", "{52B5D92E-C809-44DD-83C4-1845D98FC15E}"
EndProject
Global
	GlobalSection(SolutionConfigurationPlatforms) = preSolution
		Debug|Any CPU = Debug|Any CPU
		Debug|x64 = Debug|x64
		Debug|x86 = Debug|x86
		Release|Any CPU = Release|Any CPU
		Release|x64 = Release|x64
		Release|x86 = Release|x86
	EndGlobalSection
	GlobalSection(ProjectConfigurationPlatforms) = postSolution
		{BCEFC672-A8C2-4320-A56A-680E4E6BB38E}.Debug|Any CPU.ActiveCfg = Debug|Any CPU
		{BCEFC672-A8C2-4320-A56A-680E4E6BB38E}.Debug|Any CPU.Build.0 = Debug|Any CPU
		{BCEFC672-A8C2-4320-A56A-680E4E6BB38E}.Debug|x64.ActiveCfg = Debug|Any CPU
		{BCEFC672-A8C2-4320-A56A-680E4E6BB38E}.Debug|x86.ActiveCfg = Debug|Any CPU
		{BCEFC672-A8C2-4320-A56A-680E4E6BB38E}.Release|Any CPU.ActiveCfg = Release|Any CPU
		{BCEFC672-A8C2-4320-A56A-680E4E6BB38E}.Release|Any CPU.Build.0 = Release|Any CPU
		{BCEFC672-A8C2-4320-A56A-680E4E6BB38E}.Release|x64.ActiveCfg = Release|Any CPU
		{BCEFC672-A8C2-4320-A56A-680E4E6BB38E}.Release|x86.ActiveCfg = Release|Any CPU
		{AFF021BA-F670-4A0E-A162-2D08B0BDC3F3}.Debug|Any CPU.ActiveCfg = Debug|Any CPU
		{AFF021BA-F670-4A0E-A162-2D08B0BDC3F3}.Debug|Any CPU.Build.0 = Debug|Any CPU
		{AFF021BA-F670-4A0E-A162-2D08B0BDC3F3}.Debug|x64.ActiveCfg = Debug|Any CPU
		{AFF021BA-F670-4A0E-A162-2D08B0BDC3F3}.Debug|x86.ActiveCfg = Debug|x86
		{AFF021BA-F670-4A0E-A162-2D08B0BDC3F3}.Debug|x86.Build.0 = Debug|x86
		{AFF021BA-F670-4A0E-A162-2D08B0BDC3F3}.Release|Any CPU.ActiveCfg = Release|Any CPU
		{AFF021BA-F670-4A0E-A162-2D08B0BDC3F3}.Release|Any CPU.Build.0 = Release|Any CPU
		{AFF021BA-F670-4A0E-A162-2D08B0BDC3F3}.Release|x64.ActiveCfg = Release|Any CPU
		{AFF021BA-F670-4A0E-A162-2D08B0BDC3F3}.Release|x86.ActiveCfg = Release|x86
		{AFF021BA-F670-4A0E-A162-2D08B0BDC3F3}.Release|x86.Build.0 = Release|x86
		{D7F997DE-C3BD-4474-B031-40A944F583CA}.Debug|Any CPU.ActiveCfg = Debug|Any CPU
		{D7F997DE-C3BD-4474-B031-40A944F583CA}.Debug|Any CPU.Build.0 = Debug|Any CPU
		{D7F997DE-C3BD-4474-B031-40A944F583CA}.Debug|x64.ActiveCfg = Debug|Any CPU
		{D7F997DE-C3BD-4474-B031-40A944F583CA}.Debug|x86.ActiveCfg = Debug|Any CPU
		{D7F997DE-C3BD-4474-B031-40A944F583CA}.Debug|x86.Build.0 = Debug|Any CPU
		{D7F997DE-C3BD-4474-B031-40A944F583CA}.Release|Any CPU.ActiveCfg = Release|Any CPU
		{D7F997DE-C3BD-4474-B031-40A944F583CA}.Release|Any CPU.Build.0 = Release|Any CPU
		{D7F997DE-C3BD-4474-B031-40A944F583CA}.Release|x64.ActiveCfg = Release|Any CPU
		{D7F997DE-C3BD-4474-B031-40A944F583CA}.Release|x86.ActiveCfg = Release|Any CPU
		{D7F997DE-C3BD-4474-B031-40A944F583CA}.Release|x86.Build.0 = Release|Any CPU
		{9D19D258-6436-491E-B819-B2F3E41C7241}.Debug|Any CPU.ActiveCfg = Debug|Any CPU
		{9D19D258-6436-491E-B819-B2F3E41C7241}.Debug|Any CPU.Build.0 = Debug|Any CPU
		{9D19D258-6436-491E-B819-B2F3E41C7241}.Debug|x64.ActiveCfg = Debug|Any CPU
		{9D19D258-6436-491E-B819-B2F3E41C7241}.Debug|x64.Build.0 = Debug|Any CPU
		{9D19D258-6436-491E-B819-B2F3E41C7241}.Debug|x86.ActiveCfg = Debug|Any CPU
		{9D19D258-6436-491E-B819-B2F3E41C7241}.Debug|x86.Build.0 = Debug|Any CPU
		{9D19D258-6436-491E-B819-B2F3E41C7241}.Release|Any CPU.ActiveCfg = Release|Any CPU
		{9D19D258-6436-491E-B819-B2F3E41C7241}.Release|Any CPU.Build.0 = Release|Any CPU
		{9D19D258-6436-491E-B819-B2F3E41C7241}.Release|x64.ActiveCfg = Release|Any CPU
		{9D19D258-6436-491E-B819-B2F3E41C7241}.Release|x64.Build.0 = Release|Any CPU
		{9D19D258-6436-491E-B819-B2F3E41C7241}.Release|x86.ActiveCfg = Release|Any CPU
		{9D19D258-6436-491E-B819-B2F3E41C7241}.Release|x86.Build.0 = Release|Any CPU
		{4B63C625-B32F-4AE8-A58B-62CF6EF5330B}.Debug|Any CPU.ActiveCfg = Debug|Any CPU
		{4B63C625-B32F-4AE8-A58B-62CF6EF5330B}.Debug|Any CPU.Build.0 = Debug|Any CPU
		{4B63C625-B32F-4AE8-A58B-62CF6EF5330B}.Debug|x64.ActiveCfg = Debug|Any CPU
		{4B63C625-B32F-4AE8-A58B-62CF6EF5330B}.Debug|x64.Build.0 = Debug|Any CPU
		{4B63C625-B32F-4AE8-A58B-62CF6EF5330B}.Debug|x86.ActiveCfg = Debug|Any CPU
		{4B63C625-B32F-4AE8-A58B-62CF6EF5330B}.Debug|x86.Build.0 = Debug|Any CPU
		{4B63C625-B32F-4AE8-A58B-62CF6EF5330B}.Release|Any CPU.ActiveCfg = Release|Any CPU
		{4B63C625-B32F-4AE8-A58B-62CF6EF5330B}.Release|Any CPU.Build.0 = Release|Any CPU
		{4B63C625-B32F-4AE8-A58B-62CF6EF5330B}.Release|x64.ActiveCfg = Release|Any CPU
		{4B63C625-B32F-4AE8-A58B-62CF6EF5330B}.Release|x64.Build.0 = Release|Any CPU
		{4B63C625-B32F-4AE8-A58B-62CF6EF5330B}.Release|x86.ActiveCfg = Release|Any CPU
		{4B63C625-B32F-4AE8-A58B-62CF6EF5330B}.Release|x86.Build.0 = Release|Any CPU
		{CC364278-7896-43A2-A435-7301E814A704}.Debug|Any CPU.ActiveCfg = Debug|Any CPU
		{CC364278-7896-43A2-A435-7301E814A704}.Debug|Any CPU.Build.0 = Debug|Any CPU
		{CC364278-7896-43A2-A435-7301E814A704}.Debug|x64.ActiveCfg = Debug|Any CPU
		{CC364278-7896-43A2-A435-7301E814A704}.Debug|x64.Build.0 = Debug|Any CPU
		{CC364278-7896-43A2-A435-7301E814A704}.Debug|x86.ActiveCfg = Debug|Any CPU
		{CC364278-7896-43A2-A435-7301E814A704}.Debug|x86.Build.0 = Debug|Any CPU
		{CC364278-7896-43A2-A435-7301E814A704}.Release|Any CPU.ActiveCfg = Release|Any CPU
		{CC364278-7896-43A2-A435-7301E814A704}.Release|Any CPU.Build.0 = Release|Any CPU
		{CC364278-7896-43A2-A435-7301E814A704}.Release|x64.ActiveCfg = Release|Any CPU
		{CC364278-7896-43A2-A435-7301E814A704}.Release|x64.Build.0 = Release|Any CPU
		{CC364278-7896-43A2-A435-7301E814A704}.Release|x86.ActiveCfg = Release|Any CPU
		{CC364278-7896-43A2-A435-7301E814A704}.Release|x86.Build.0 = Release|Any CPU
		{0FAA8C93-41D0-40F5-B70F-779B260B5A0C}.Debug|Any CPU.ActiveCfg = Debug|Any CPU
		{0FAA8C93-41D0-40F5-B70F-779B260B5A0C}.Debug|Any CPU.Build.0 = Debug|Any CPU
		{0FAA8C93-41D0-40F5-B70F-779B260B5A0C}.Debug|x64.ActiveCfg = Debug|Any CPU
		{0FAA8C93-41D0-40F5-B70F-779B260B5A0C}.Debug|x64.Build.0 = Debug|Any CPU
		{0FAA8C93-41D0-40F5-B70F-779B260B5A0C}.Debug|x86.ActiveCfg = Debug|Any CPU
		{0FAA8C93-41D0-40F5-B70F-779B260B5A0C}.Debug|x86.Build.0 = Debug|Any CPU
		{0FAA8C93-41D0-40F5-B70F-779B260B5A0C}.Release|Any CPU.ActiveCfg = Release|Any CPU
		{0FAA8C93-41D0-40F5-B70F-779B260B5A0C}.Release|Any CPU.Build.0 = Release|Any CPU
		{0FAA8C93-41D0-40F5-B70F-779B260B5A0C}.Release|x64.ActiveCfg = Release|Any CPU
		{0FAA8C93-41D0-40F5-B70F-779B260B5A0C}.Release|x64.Build.0 = Release|Any CPU
		{0FAA8C93-41D0-40F5-B70F-779B260B5A0C}.Release|x86.ActiveCfg = Release|Any CPU
		{0FAA8C93-41D0-40F5-B70F-779B260B5A0C}.Release|x86.Build.0 = Release|Any CPU
		{2BDB90C7-3D45-4845-A6AF-2D70D21E50FE}.Debug|Any CPU.ActiveCfg = Debug|Any CPU
		{2BDB90C7-3D45-4845-A6AF-2D70D21E50FE}.Debug|Any CPU.Build.0 = Debug|Any CPU
		{2BDB90C7-3D45-4845-A6AF-2D70D21E50FE}.Debug|x64.ActiveCfg = Debug|Any CPU
		{2BDB90C7-3D45-4845-A6AF-2D70D21E50FE}.Debug|x64.Build.0 = Debug|Any CPU
		{2BDB90C7-3D45-4845-A6AF-2D70D21E50FE}.Debug|x86.ActiveCfg = Debug|Any CPU
		{2BDB90C7-3D45-4845-A6AF-2D70D21E50FE}.Debug|x86.Build.0 = Debug|Any CPU
		{2BDB90C7-3D45-4845-A6AF-2D70D21E50FE}.Release|Any CPU.ActiveCfg = Release|Any CPU
		{2BDB90C7-3D45-4845-A6AF-2D70D21E50FE}.Release|Any CPU.Build.0 = Release|Any CPU
		{2BDB90C7-3D45-4845-A6AF-2D70D21E50FE}.Release|x64.ActiveCfg = Release|Any CPU
		{2BDB90C7-3D45-4845-A6AF-2D70D21E50FE}.Release|x64.Build.0 = Release|Any CPU
		{2BDB90C7-3D45-4845-A6AF-2D70D21E50FE}.Release|x86.ActiveCfg = Release|Any CPU
		{2BDB90C7-3D45-4845-A6AF-2D70D21E50FE}.Release|x86.Build.0 = Release|Any CPU
		{41A2E291-0EF1-47F8-9BE1-C625986CCEF8}.Debug|Any CPU.ActiveCfg = Debug|Any CPU
		{41A2E291-0EF1-47F8-9BE1-C625986CCEF8}.Debug|Any CPU.Build.0 = Debug|Any CPU
		{41A2E291-0EF1-47F8-9BE1-C625986CCEF8}.Debug|x64.ActiveCfg = Debug|Any CPU
		{41A2E291-0EF1-47F8-9BE1-C625986CCEF8}.Debug|x64.Build.0 = Debug|Any CPU
		{41A2E291-0EF1-47F8-9BE1-C625986CCEF8}.Debug|x86.ActiveCfg = Debug|Any CPU
		{41A2E291-0EF1-47F8-9BE1-C625986CCEF8}.Debug|x86.Build.0 = Debug|Any CPU
		{41A2E291-0EF1-47F8-9BE1-C625986CCEF8}.Release|Any CPU.ActiveCfg = Release|Any CPU
		{41A2E291-0EF1-47F8-9BE1-C625986CCEF8}.Release|Any CPU.Build.0 = Release|Any CPU
		{41A2E291-0EF1-47F8-9BE1-C625986CCEF8}.Release|x64.ActiveCfg = Release|Any CPU
		{41A2E291-0EF1-47F8-9BE1-C625986CCEF8}.Release|x64.Build.0 = Release|Any CPU
		{41A2E291-0EF1-47F8-9BE1-C625986CCEF8}.Release|x86.ActiveCfg = Release|Any CPU
		{41A2E291-0EF1-47F8-9BE1-C625986CCEF8}.Release|x86.Build.0 = Release|Any CPU
		{0D8F3B42-ADE2-4D1E-8172-C0F14D101991}.Debug|Any CPU.ActiveCfg = Debug|Any CPU
		{0D8F3B42-ADE2-4D1E-8172-C0F14D101991}.Debug|Any CPU.Build.0 = Debug|Any CPU
		{0D8F3B42-ADE2-4D1E-8172-C0F14D101991}.Debug|x64.ActiveCfg = Debug|Any CPU
		{0D8F3B42-ADE2-4D1E-8172-C0F14D101991}.Debug|x64.Build.0 = Debug|Any CPU
		{0D8F3B42-ADE2-4D1E-8172-C0F14D101991}.Debug|x86.ActiveCfg = Debug|Any CPU
		{0D8F3B42-ADE2-4D1E-8172-C0F14D101991}.Debug|x86.Build.0 = Debug|Any CPU
		{0D8F3B42-ADE2-4D1E-8172-C0F14D101991}.Release|Any CPU.ActiveCfg = Release|Any CPU
		{0D8F3B42-ADE2-4D1E-8172-C0F14D101991}.Release|Any CPU.Build.0 = Release|Any CPU
		{0D8F3B42-ADE2-4D1E-8172-C0F14D101991}.Release|x64.ActiveCfg = Release|Any CPU
		{0D8F3B42-ADE2-4D1E-8172-C0F14D101991}.Release|x64.Build.0 = Release|Any CPU
		{0D8F3B42-ADE2-4D1E-8172-C0F14D101991}.Release|x86.ActiveCfg = Release|Any CPU
		{0D8F3B42-ADE2-4D1E-8172-C0F14D101991}.Release|x86.Build.0 = Release|Any CPU
		{2B923997-5482-4997-8516-22FDB9E8AE19}.Debug|Any CPU.ActiveCfg = Debug|Any CPU
		{2B923997-5482-4997-8516-22FDB9E8AE19}.Debug|Any CPU.Build.0 = Debug|Any CPU
		{2B923997-5482-4997-8516-22FDB9E8AE19}.Debug|x64.ActiveCfg = Debug|Any CPU
		{2B923997-5482-4997-8516-22FDB9E8AE19}.Debug|x64.Build.0 = Debug|Any CPU
		{2B923997-5482-4997-8516-22FDB9E8AE19}.Debug|x86.ActiveCfg = Debug|Any CPU
		{2B923997-5482-4997-8516-22FDB9E8AE19}.Debug|x86.Build.0 = Debug|Any CPU
		{2B923997-5482-4997-8516-22FDB9E8AE19}.Release|Any CPU.ActiveCfg = Release|Any CPU
		{2B923997-5482-4997-8516-22FDB9E8AE19}.Release|Any CPU.Build.0 = Release|Any CPU
		{2B923997-5482-4997-8516-22FDB9E8AE19}.Release|x64.ActiveCfg = Release|Any CPU
		{2B923997-5482-4997-8516-22FDB9E8AE19}.Release|x64.Build.0 = Release|Any CPU
		{2B923997-5482-4997-8516-22FDB9E8AE19}.Release|x86.ActiveCfg = Release|Any CPU
		{2B923997-5482-4997-8516-22FDB9E8AE19}.Release|x86.Build.0 = Release|Any CPU
		{6FEA50E0-9A21-4CF4-ABF6-A99CCD79815F}.Debug|Any CPU.ActiveCfg = Debug|Any CPU
		{6FEA50E0-9A21-4CF4-ABF6-A99CCD79815F}.Debug|Any CPU.Build.0 = Debug|Any CPU
		{6FEA50E0-9A21-4CF4-ABF6-A99CCD79815F}.Debug|x64.ActiveCfg = Debug|Any CPU
		{6FEA50E0-9A21-4CF4-ABF6-A99CCD79815F}.Debug|x64.Build.0 = Debug|Any CPU
		{6FEA50E0-9A21-4CF4-ABF6-A99CCD79815F}.Debug|x86.ActiveCfg = Debug|Any CPU
		{6FEA50E0-9A21-4CF4-ABF6-A99CCD79815F}.Debug|x86.Build.0 = Debug|Any CPU
		{6FEA50E0-9A21-4CF4-ABF6-A99CCD79815F}.Release|Any CPU.ActiveCfg = Release|Any CPU
		{6FEA50E0-9A21-4CF4-ABF6-A99CCD79815F}.Release|Any CPU.Build.0 = Release|Any CPU
		{6FEA50E0-9A21-4CF4-ABF6-A99CCD79815F}.Release|x64.ActiveCfg = Release|Any CPU
		{6FEA50E0-9A21-4CF4-ABF6-A99CCD79815F}.Release|x64.Build.0 = Release|Any CPU
		{6FEA50E0-9A21-4CF4-ABF6-A99CCD79815F}.Release|x86.ActiveCfg = Release|Any CPU
		{6FEA50E0-9A21-4CF4-ABF6-A99CCD79815F}.Release|x86.Build.0 = Release|Any CPU
		{A0DF5139-94BA-4CFD-A837-D494B1F2A995}.Debug|Any CPU.ActiveCfg = Debug|Any CPU
		{A0DF5139-94BA-4CFD-A837-D494B1F2A995}.Debug|Any CPU.Build.0 = Debug|Any CPU
		{A0DF5139-94BA-4CFD-A837-D494B1F2A995}.Debug|x64.ActiveCfg = Debug|Any CPU
		{A0DF5139-94BA-4CFD-A837-D494B1F2A995}.Debug|x64.Build.0 = Debug|Any CPU
		{A0DF5139-94BA-4CFD-A837-D494B1F2A995}.Debug|x86.ActiveCfg = Debug|Any CPU
		{A0DF5139-94BA-4CFD-A837-D494B1F2A995}.Debug|x86.Build.0 = Debug|Any CPU
		{A0DF5139-94BA-4CFD-A837-D494B1F2A995}.Release|Any CPU.ActiveCfg = Release|Any CPU
		{A0DF5139-94BA-4CFD-A837-D494B1F2A995}.Release|Any CPU.Build.0 = Release|Any CPU
		{A0DF5139-94BA-4CFD-A837-D494B1F2A995}.Release|x64.ActiveCfg = Release|Any CPU
		{A0DF5139-94BA-4CFD-A837-D494B1F2A995}.Release|x64.Build.0 = Release|Any CPU
		{A0DF5139-94BA-4CFD-A837-D494B1F2A995}.Release|x86.ActiveCfg = Release|Any CPU
		{A0DF5139-94BA-4CFD-A837-D494B1F2A995}.Release|x86.Build.0 = Release|Any CPU
		{6E00DCA9-78CD-4D44-BFBF-42420C220FF1}.Debug|Any CPU.ActiveCfg = Debug|Any CPU
		{6E00DCA9-78CD-4D44-BFBF-42420C220FF1}.Debug|Any CPU.Build.0 = Debug|Any CPU
		{6E00DCA9-78CD-4D44-BFBF-42420C220FF1}.Debug|x64.ActiveCfg = Debug|Any CPU
		{6E00DCA9-78CD-4D44-BFBF-42420C220FF1}.Debug|x64.Build.0 = Debug|Any CPU
		{6E00DCA9-78CD-4D44-BFBF-42420C220FF1}.Debug|x86.ActiveCfg = Debug|Any CPU
		{6E00DCA9-78CD-4D44-BFBF-42420C220FF1}.Debug|x86.Build.0 = Debug|Any CPU
		{6E00DCA9-78CD-4D44-BFBF-42420C220FF1}.Release|Any CPU.ActiveCfg = Release|Any CPU
		{6E00DCA9-78CD-4D44-BFBF-42420C220FF1}.Release|Any CPU.Build.0 = Release|Any CPU
		{6E00DCA9-78CD-4D44-BFBF-42420C220FF1}.Release|x64.ActiveCfg = Release|Any CPU
		{6E00DCA9-78CD-4D44-BFBF-42420C220FF1}.Release|x64.Build.0 = Release|Any CPU
		{6E00DCA9-78CD-4D44-BFBF-42420C220FF1}.Release|x86.ActiveCfg = Release|Any CPU
		{6E00DCA9-78CD-4D44-BFBF-42420C220FF1}.Release|x86.Build.0 = Release|Any CPU
		{E169F442-83ED-4971-9F23-E9BADCB19F11}.Debug|Any CPU.ActiveCfg = Debug|Any CPU
		{E169F442-83ED-4971-9F23-E9BADCB19F11}.Debug|Any CPU.Build.0 = Debug|Any CPU
		{E169F442-83ED-4971-9F23-E9BADCB19F11}.Debug|x64.ActiveCfg = Debug|Any CPU
		{E169F442-83ED-4971-9F23-E9BADCB19F11}.Debug|x64.Build.0 = Debug|Any CPU
		{E169F442-83ED-4971-9F23-E9BADCB19F11}.Debug|x86.ActiveCfg = Debug|Any CPU
		{E169F442-83ED-4971-9F23-E9BADCB19F11}.Debug|x86.Build.0 = Debug|Any CPU
		{E169F442-83ED-4971-9F23-E9BADCB19F11}.Release|Any CPU.ActiveCfg = Release|Any CPU
		{E169F442-83ED-4971-9F23-E9BADCB19F11}.Release|Any CPU.Build.0 = Release|Any CPU
		{E169F442-83ED-4971-9F23-E9BADCB19F11}.Release|x64.ActiveCfg = Release|Any CPU
		{E169F442-83ED-4971-9F23-E9BADCB19F11}.Release|x64.Build.0 = Release|Any CPU
		{E169F442-83ED-4971-9F23-E9BADCB19F11}.Release|x86.ActiveCfg = Release|Any CPU
		{E169F442-83ED-4971-9F23-E9BADCB19F11}.Release|x86.Build.0 = Release|Any CPU
		{B266FFB1-8974-4D4B-A3FD-83D5BB0BB5A3}.Debug|Any CPU.ActiveCfg = Debug|Any CPU
		{B266FFB1-8974-4D4B-A3FD-83D5BB0BB5A3}.Debug|Any CPU.Build.0 = Debug|Any CPU
		{B266FFB1-8974-4D4B-A3FD-83D5BB0BB5A3}.Debug|x64.ActiveCfg = Debug|Any CPU
		{B266FFB1-8974-4D4B-A3FD-83D5BB0BB5A3}.Debug|x64.Build.0 = Debug|Any CPU
		{B266FFB1-8974-4D4B-A3FD-83D5BB0BB5A3}.Debug|x86.ActiveCfg = Debug|Any CPU
		{B266FFB1-8974-4D4B-A3FD-83D5BB0BB5A3}.Debug|x86.Build.0 = Debug|Any CPU
		{B266FFB1-8974-4D4B-A3FD-83D5BB0BB5A3}.Release|Any CPU.ActiveCfg = Release|Any CPU
		{B266FFB1-8974-4D4B-A3FD-83D5BB0BB5A3}.Release|Any CPU.Build.0 = Release|Any CPU
		{B266FFB1-8974-4D4B-A3FD-83D5BB0BB5A3}.Release|x64.ActiveCfg = Release|Any CPU
		{B266FFB1-8974-4D4B-A3FD-83D5BB0BB5A3}.Release|x64.Build.0 = Release|Any CPU
		{B266FFB1-8974-4D4B-A3FD-83D5BB0BB5A3}.Release|x86.ActiveCfg = Release|Any CPU
		{B266FFB1-8974-4D4B-A3FD-83D5BB0BB5A3}.Release|x86.Build.0 = Release|Any CPU
		{21C53A55-45F3-4C4E-B03F-CF05D035740E}.Debug|Any CPU.ActiveCfg = Debug|Any CPU
		{21C53A55-45F3-4C4E-B03F-CF05D035740E}.Debug|Any CPU.Build.0 = Debug|Any CPU
		{21C53A55-45F3-4C4E-B03F-CF05D035740E}.Debug|x64.ActiveCfg = Debug|Any CPU
		{21C53A55-45F3-4C4E-B03F-CF05D035740E}.Debug|x64.Build.0 = Debug|Any CPU
		{21C53A55-45F3-4C4E-B03F-CF05D035740E}.Debug|x86.ActiveCfg = Debug|Any CPU
		{21C53A55-45F3-4C4E-B03F-CF05D035740E}.Debug|x86.Build.0 = Debug|Any CPU
		{21C53A55-45F3-4C4E-B03F-CF05D035740E}.Release|Any CPU.ActiveCfg = Release|Any CPU
		{21C53A55-45F3-4C4E-B03F-CF05D035740E}.Release|Any CPU.Build.0 = Release|Any CPU
		{21C53A55-45F3-4C4E-B03F-CF05D035740E}.Release|x64.ActiveCfg = Release|Any CPU
		{21C53A55-45F3-4C4E-B03F-CF05D035740E}.Release|x64.Build.0 = Release|Any CPU
		{21C53A55-45F3-4C4E-B03F-CF05D035740E}.Release|x86.ActiveCfg = Release|Any CPU
		{21C53A55-45F3-4C4E-B03F-CF05D035740E}.Release|x86.Build.0 = Release|Any CPU
		{46D9FA9D-3C41-4289-A8D5-EE0D9FE5470A}.Debug|Any CPU.ActiveCfg = Debug|Any CPU
		{46D9FA9D-3C41-4289-A8D5-EE0D9FE5470A}.Debug|Any CPU.Build.0 = Debug|Any CPU
		{46D9FA9D-3C41-4289-A8D5-EE0D9FE5470A}.Debug|x64.ActiveCfg = Debug|Any CPU
		{46D9FA9D-3C41-4289-A8D5-EE0D9FE5470A}.Debug|x64.Build.0 = Debug|Any CPU
		{46D9FA9D-3C41-4289-A8D5-EE0D9FE5470A}.Debug|x86.ActiveCfg = Debug|Any CPU
		{46D9FA9D-3C41-4289-A8D5-EE0D9FE5470A}.Debug|x86.Build.0 = Debug|Any CPU
		{46D9FA9D-3C41-4289-A8D5-EE0D9FE5470A}.Release|Any CPU.ActiveCfg = Release|Any CPU
		{46D9FA9D-3C41-4289-A8D5-EE0D9FE5470A}.Release|Any CPU.Build.0 = Release|Any CPU
		{46D9FA9D-3C41-4289-A8D5-EE0D9FE5470A}.Release|x64.ActiveCfg = Release|Any CPU
		{46D9FA9D-3C41-4289-A8D5-EE0D9FE5470A}.Release|x64.Build.0 = Release|Any CPU
		{46D9FA9D-3C41-4289-A8D5-EE0D9FE5470A}.Release|x86.ActiveCfg = Release|Any CPU
		{46D9FA9D-3C41-4289-A8D5-EE0D9FE5470A}.Release|x86.Build.0 = Release|Any CPU
		{52B5D92E-C809-44DD-83C4-1845D98FC15E}.Debug|Any CPU.ActiveCfg = Debug|Any CPU
		{52B5D92E-C809-44DD-83C4-1845D98FC15E}.Debug|Any CPU.Build.0 = Debug|Any CPU
		{52B5D92E-C809-44DD-83C4-1845D98FC15E}.Debug|x64.ActiveCfg = Debug|Any CPU
		{52B5D92E-C809-44DD-83C4-1845D98FC15E}.Debug|x64.Build.0 = Debug|Any CPU
		{52B5D92E-C809-44DD-83C4-1845D98FC15E}.Debug|x86.ActiveCfg = Debug|Any CPU
		{52B5D92E-C809-44DD-83C4-1845D98FC15E}.Debug|x86.Build.0 = Debug|Any CPU
		{52B5D92E-C809-44DD-83C4-1845D98FC15E}.Release|Any CPU.ActiveCfg = Release|Any CPU
		{52B5D92E-C809-44DD-83C4-1845D98FC15E}.Release|Any CPU.Build.0 = Release|Any CPU
		{52B5D92E-C809-44DD-83C4-1845D98FC15E}.Release|x64.ActiveCfg = Release|Any CPU
		{52B5D92E-C809-44DD-83C4-1845D98FC15E}.Release|x64.Build.0 = Release|Any CPU
		{52B5D92E-C809-44DD-83C4-1845D98FC15E}.Release|x86.ActiveCfg = Release|Any CPU
		{52B5D92E-C809-44DD-83C4-1845D98FC15E}.Release|x86.Build.0 = Release|Any CPU
	EndGlobalSection
	GlobalSection(SolutionProperties) = preSolution
		HideSolutionNode = FALSE
	EndGlobalSection
	GlobalSection(NestedProjects) = preSolution
		{BCEFC672-A8C2-4320-A56A-680E4E6BB38E} = {4A1A389F-38FF-4C6E-AEAB-C9587B96B102}
		{AFF021BA-F670-4A0E-A162-2D08B0BDC3F3} = {4A1A389F-38FF-4C6E-AEAB-C9587B96B102}
		{1223DA57-5DA1-423E-B9A2-A829E2960688} = {D59428E2-ABA2-44EE-8F87-C3C1BEE4D1EF}
		{D7F997DE-C3BD-4474-B031-40A944F583CA} = {1223DA57-5DA1-423E-B9A2-A829E2960688}
		{77CEDA75-36CE-4DD5-83E7-17491BCE1A3E} = {86EB217E-CB42-405E-8DB0-4BC991B3E5CD}
		{0D206FCB-146D-40E6-AD7A-D767B85B7AC3} = {77CEDA75-36CE-4DD5-83E7-17491BCE1A3E}
		{5E026000-C958-4527-BD39-CE7DBA51C103} = {358354B4-5141-43F3-A653-00A331DF26AE}
		{80A074E3-732C-4605-9691-A868E539913C} = {5E026000-C958-4527-BD39-CE7DBA51C103}
		{955AF4EB-29A2-4763-BD24-CC044C62BBDB} = {5E026000-C958-4527-BD39-CE7DBA51C103}
		{27E95F87-4F11-4F5B-A0F8-0804921CA449} = {5E026000-C958-4527-BD39-CE7DBA51C103}
		{A5440B30-FA52-433A-AFAC-0B716DEAC45B} = {5E026000-C958-4527-BD39-CE7DBA51C103}
		{9D19D258-6436-491E-B819-B2F3E41C7241} = {955AF4EB-29A2-4763-BD24-CC044C62BBDB}
		{4B63C625-B32F-4AE8-A58B-62CF6EF5330B} = {27E95F87-4F11-4F5B-A0F8-0804921CA449}
		{380A3F88-E676-4D29-AF2E-BE2CB4B19BD5} = {358354B4-5141-43F3-A653-00A331DF26AE}
		{AE6547A4-8601-4A94-BE16-118FB2588973} = {380A3F88-E676-4D29-AF2E-BE2CB4B19BD5}
		{F277770E-13A8-4793-BDFD-FF2924061438} = {380A3F88-E676-4D29-AF2E-BE2CB4B19BD5}
		{226968C5-8F03-4E6E-9EF4-FFF3A233760E} = {AE6547A4-8601-4A94-BE16-118FB2588973}
		{CC364278-7896-43A2-A435-7301E814A704} = {226968C5-8F03-4E6E-9EF4-FFF3A233760E}
		{0FAA8C93-41D0-40F5-B70F-779B260B5A0C} = {F277770E-13A8-4793-BDFD-FF2924061438}
		{2BDB90C7-3D45-4845-A6AF-2D70D21E50FE} = {A5440B30-FA52-433A-AFAC-0B716DEAC45B}
		{41A2E291-0EF1-47F8-9BE1-C625986CCEF8} = {80A074E3-732C-4605-9691-A868E539913C}
		{929CDDFC-DD2A-4C7E-911B-8C4AE8399833} = {380A3F88-E676-4D29-AF2E-BE2CB4B19BD5}
		{0D8F3B42-ADE2-4D1E-8172-C0F14D101991} = {929CDDFC-DD2A-4C7E-911B-8C4AE8399833}
		{4A1A389F-38FF-4C6E-AEAB-C9587B96B102} = {358354B4-5141-43F3-A653-00A331DF26AE}
		{D59428E2-ABA2-44EE-8F87-C3C1BEE4D1EF} = {86EB217E-CB42-405E-8DB0-4BC991B3E5CD}
		{2B923997-5482-4997-8516-22FDB9E8AE19} = {0D206FCB-146D-40E6-AD7A-D767B85B7AC3}
		{E48DEA84-78AB-4B81-A471-D72AE7E22F07} = {D59428E2-ABA2-44EE-8F87-C3C1BEE4D1EF}
		{6FEA50E0-9A21-4CF4-ABF6-A99CCD79815F} = {E48DEA84-78AB-4B81-A471-D72AE7E22F07}
		{A0DF5139-94BA-4CFD-A837-D494B1F2A995} = {4A1A389F-38FF-4C6E-AEAB-C9587B96B102}
		{6E00DCA9-78CD-4D44-BFBF-42420C220FF1} = {4A1A389F-38FF-4C6E-AEAB-C9587B96B102}
		{0EAA711A-E028-4618-8407-777F9DA00544} = {86EB217E-CB42-405E-8DB0-4BC991B3E5CD}
		{54169BFE-B72A-4DAC-8DF6-8D8E5AE2ED48} = {0EAA711A-E028-4618-8407-777F9DA00544}
		{E169F442-83ED-4971-9F23-E9BADCB19F11} = {54169BFE-B72A-4DAC-8DF6-8D8E5AE2ED48}
		{B266FFB1-8974-4D4B-A3FD-83D5BB0BB5A3} = {955AF4EB-29A2-4763-BD24-CC044C62BBDB}
		{FD659573-333B-4F1F-8235-B7773CBBA9F1} = {380A3F88-E676-4D29-AF2E-BE2CB4B19BD5}
		{21C53A55-45F3-4C4E-B03F-CF05D035740E} = {FD659573-333B-4F1F-8235-B7773CBBA9F1}
		{76BA5FDB-A378-4E6F-BAB5-A47B5B02D1C4} = {380A3F88-E676-4D29-AF2E-BE2CB4B19BD5}
		{46D9FA9D-3C41-4289-A8D5-EE0D9FE5470A} = {76BA5FDB-A378-4E6F-BAB5-A47B5B02D1C4}
		{98078D9F-C518-4D5F-B82A-9284C1B922C4} = {77CEDA75-36CE-4DD5-83E7-17491BCE1A3E}
		{52B5D92E-C809-44DD-83C4-1845D98FC15E} = {98078D9F-C518-4D5F-B82A-9284C1B922C4}
	EndGlobalSection
	GlobalSection(ExtensibilityGlobals) = postSolution
		SolutionGuid = {13D12A1F-35F9-4E6C-BFD1-817849950790}
	EndGlobalSection
EndGlobal
