
Microsoft Visual Studio Solution File, Format Version 12.00
# Visual Studio Version 16
VisualStudioVersion = 16.0.30320.27
MinimumVisualStudioVersion = 10.0.40219.1
Project("{9A19103F-16F7-4668-BE54-9A1E7A4F7556}") = "SignatureProcessorApp", "SignatureProcessorApp\SignatureProcessorApp.csproj", "{0189B918-2D55-40AF-BED9-2F4DDB73E1F6}"
EndProject
Project("{9A19103F-16F7-4668-BE54-9A1E7A4F7556}") = "SignatureImage", "SignatureImage\SignatureImage.csproj", "{BCEFC672-A8C2-4320-A56A-680E4E6BB38E}"
EndProject
Project("{9A19103F-16F7-4668-BE54-9A1E7A4F7556}") = "SignatureProcessor", "SignatureProcessor\SignatureProcessor.csproj", "{857F0E0B-5EF0-4AB8-A068-2D5C7AAD51D6}"
EndProject
Project("{9A19103F-16F7-4668-BE54-9A1E7A4F7556}") = "SignatureImageApp", "SignatureImageApp\SignatureImageApp.csproj", "{AFF021BA-F670-4A0E-A162-2D08B0BDC3F3}"
EndProject
Project("{2150E333-8FDC-42A3-9474-1A3956D46DE8}") = "Source", "Source", "{358354B4-5141-43F3-A653-00A331DF26AE}"
EndProject
Project("{2150E333-8FDC-42A3-9474-1A3956D46DE8}") = "Tests", "Tests", "{86EB217E-CB42-405E-8DB0-4BC991B3E5CD}"
EndProject
Project("{FAE04EC0-301F-11D3-BF4B-00C04F79EFBC}") = "SignatureProcessorAppTests", "..\Tests\SignatureProcessorAppTests\SignatureProcessorAppTests.csproj", "{0EC6135F-CFB2-4C56-A494-F8BCF6A74CC6}"
EndProject
Project("{2150E333-8FDC-42A3-9474-1A3956D46DE8}") = "SignatureProcessorTests", "SignatureProcessorTests", "{1223DA57-5DA1-423E-B9A2-A829E2960688}"
EndProject
Project("{9A19103F-16F7-4668-BE54-9A1E7A4F7556}") = "SignatureProcessorTests", "..\Tests\SignatureProcessorTests\SignatureProcessorTests.csproj", "{D7F997DE-C3BD-4474-B031-40A944F583CA}"
EndProject
Global
	GlobalSection(SolutionConfigurationPlatforms) = preSolution
		Debug|Any CPU = Debug|Any CPU
		Debug|x86 = Debug|x86
		Release|Any CPU = Release|Any CPU
		Release|x86 = Release|x86
	EndGlobalSection
	GlobalSection(ProjectConfigurationPlatforms) = postSolution
		{0189B918-2D55-40AF-BED9-2F4DDB73E1F6}.Debug|Any CPU.ActiveCfg = Debug|Any CPU
		{0189B918-2D55-40AF-BED9-2F4DDB73E1F6}.Debug|Any CPU.Build.0 = Debug|Any CPU
		{0189B918-2D55-40AF-BED9-2F4DDB73E1F6}.Debug|x86.ActiveCfg = Debug|Any CPU
		{0189B918-2D55-40AF-BED9-2F4DDB73E1F6}.Release|Any CPU.ActiveCfg = Release|Any CPU
		{0189B918-2D55-40AF-BED9-2F4DDB73E1F6}.Release|Any CPU.Build.0 = Release|Any CPU
		{0189B918-2D55-40AF-BED9-2F4DDB73E1F6}.Release|x86.ActiveCfg = Release|Any CPU
		{BCEFC672-A8C2-4320-A56A-680E4E6BB38E}.Debug|Any CPU.ActiveCfg = Debug|Any CPU
		{BCEFC672-A8C2-4320-A56A-680E4E6BB38E}.Debug|Any CPU.Build.0 = Debug|Any CPU
		{BCEFC672-A8C2-4320-A56A-680E4E6BB38E}.Debug|x86.ActiveCfg = Debug|Any CPU
		{BCEFC672-A8C2-4320-A56A-680E4E6BB38E}.Release|Any CPU.ActiveCfg = Release|Any CPU
		{BCEFC672-A8C2-4320-A56A-680E4E6BB38E}.Release|Any CPU.Build.0 = Release|Any CPU
		{BCEFC672-A8C2-4320-A56A-680E4E6BB38E}.Release|x86.ActiveCfg = Release|Any CPU
		{857F0E0B-5EF0-4AB8-A068-2D5C7AAD51D6}.Debug|Any CPU.ActiveCfg = Debug|Any CPU
		{857F0E0B-5EF0-4AB8-A068-2D5C7AAD51D6}.Debug|Any CPU.Build.0 = Debug|Any CPU
		{857F0E0B-5EF0-4AB8-A068-2D5C7AAD51D6}.Debug|x86.ActiveCfg = Debug|x86
		{857F0E0B-5EF0-4AB8-A068-2D5C7AAD51D6}.Debug|x86.Build.0 = Debug|x86
		{857F0E0B-5EF0-4AB8-A068-2D5C7AAD51D6}.Release|Any CPU.ActiveCfg = Release|Any CPU
		{857F0E0B-5EF0-4AB8-A068-2D5C7AAD51D6}.Release|Any CPU.Build.0 = Release|Any CPU
		{857F0E0B-5EF0-4AB8-A068-2D5C7AAD51D6}.Release|x86.ActiveCfg = Release|x86
		{857F0E0B-5EF0-4AB8-A068-2D5C7AAD51D6}.Release|x86.Build.0 = Release|x86
		{AFF021BA-F670-4A0E-A162-2D08B0BDC3F3}.Debug|Any CPU.ActiveCfg = Debug|Any CPU
		{AFF021BA-F670-4A0E-A162-2D08B0BDC3F3}.Debug|Any CPU.Build.0 = Debug|Any CPU
		{AFF021BA-F670-4A0E-A162-2D08B0BDC3F3}.Debug|x86.ActiveCfg = Debug|x86
		{AFF021BA-F670-4A0E-A162-2D08B0BDC3F3}.Debug|x86.Build.0 = Debug|x86
		{AFF021BA-F670-4A0E-A162-2D08B0BDC3F3}.Release|Any CPU.ActiveCfg = Release|Any CPU
		{AFF021BA-F670-4A0E-A162-2D08B0BDC3F3}.Release|Any CPU.Build.0 = Release|Any CPU
		{AFF021BA-F670-4A0E-A162-2D08B0BDC3F3}.Release|x86.ActiveCfg = Release|x86
		{AFF021BA-F670-4A0E-A162-2D08B0BDC3F3}.Release|x86.Build.0 = Release|x86
		{0EC6135F-CFB2-4C56-A494-F8BCF6A74CC6}.Debug|Any CPU.ActiveCfg = Debug|Any CPU
		{0EC6135F-CFB2-4C56-A494-F8BCF6A74CC6}.Debug|Any CPU.Build.0 = Debug|Any CPU
		{0EC6135F-CFB2-4C56-A494-F8BCF6A74CC6}.Debug|x86.ActiveCfg = Debug|Any CPU
		{0EC6135F-CFB2-4C56-A494-F8BCF6A74CC6}.Debug|x86.Build.0 = Debug|Any CPU
		{0EC6135F-CFB2-4C56-A494-F8BCF6A74CC6}.Release|Any CPU.ActiveCfg = Release|Any CPU
		{0EC6135F-CFB2-4C56-A494-F8BCF6A74CC6}.Release|Any CPU.Build.0 = Release|Any CPU
		{0EC6135F-CFB2-4C56-A494-F8BCF6A74CC6}.Release|x86.ActiveCfg = Release|Any CPU
		{0EC6135F-CFB2-4C56-A494-F8BCF6A74CC6}.Release|x86.Build.0 = Release|Any CPU
		{D7F997DE-C3BD-4474-B031-40A944F583CA}.Debug|Any CPU.ActiveCfg = Debug|Any CPU
		{D7F997DE-C3BD-4474-B031-40A944F583CA}.Debug|Any CPU.Build.0 = Debug|Any CPU
		{D7F997DE-C3BD-4474-B031-40A944F583CA}.Debug|x86.ActiveCfg = Debug|Any CPU
		{D7F997DE-C3BD-4474-B031-40A944F583CA}.Debug|x86.Build.0 = Debug|Any CPU
		{D7F997DE-C3BD-4474-B031-40A944F583CA}.Release|Any CPU.ActiveCfg = Release|Any CPU
		{D7F997DE-C3BD-4474-B031-40A944F583CA}.Release|Any CPU.Build.0 = Release|Any CPU
		{D7F997DE-C3BD-4474-B031-40A944F583CA}.Release|x86.ActiveCfg = Release|Any CPU
		{D7F997DE-C3BD-4474-B031-40A944F583CA}.Release|x86.Build.0 = Release|Any CPU
	EndGlobalSection
	GlobalSection(SolutionProperties) = preSolution
		HideSolutionNode = FALSE
	EndGlobalSection
	GlobalSection(NestedProjects) = preSolution
		{0189B918-2D55-40AF-BED9-2F4DDB73E1F6} = {358354B4-5141-43F3-A653-00A331DF26AE}
		{BCEFC672-A8C2-4320-A56A-680E4E6BB38E} = {358354B4-5141-43F3-A653-00A331DF26AE}
		{857F0E0B-5EF0-4AB8-A068-2D5C7AAD51D6} = {358354B4-5141-43F3-A653-00A331DF26AE}
		{AFF021BA-F670-4A0E-A162-2D08B0BDC3F3} = {358354B4-5141-43F3-A653-00A331DF26AE}
		{0EC6135F-CFB2-4C56-A494-F8BCF6A74CC6} = {86EB217E-CB42-405E-8DB0-4BC991B3E5CD}
		{1223DA57-5DA1-423E-B9A2-A829E2960688} = {86EB217E-CB42-405E-8DB0-4BC991B3E5CD}
		{D7F997DE-C3BD-4474-B031-40A944F583CA} = {1223DA57-5DA1-423E-B9A2-A829E2960688}
	EndGlobalSection
	GlobalSection(ExtensibilityGlobals) = postSolution
		SolutionGuid = {13D12A1F-35F9-4E6C-BFD1-817849950790}
	EndGlobalSection
EndGlobal
